
Microsoft Visual Studio Solution File, Format Version 12.00
# Visual Studio 2013
VisualStudioVersion = 12.0.31101.0
MinimumVisualStudioVersion = 10.0.40219.1
Project("{FAE04EC0-301F-11D3-BF4B-00C04F79EFBC}") = "OGL.Study.Day1", "OGL.Study.Day1\OGL.Study.Day1.csproj", "{80C04AA0-D5B8-4453-A3C1-64BAD5249088}"
EndProject
Project("{FAE04EC0-301F-11D3-BF4B-00C04F79EFBC}") = "OGL.Study.Day0", "OGL.Study.Day0\OGL.Study.Day0.csproj", "{F955DC40-3446-4FC4-9CCB-0AA217B875A7}"
EndProject
Project("{FAE04EC0-301F-11D3-BF4B-00C04F79EFBC}") = "OGL.Study.Day2", "OGL.Study.Day2\OGL.Study.Day2.csproj", "{98822729-18AB-4604-8B3A-B7B4534D7CD9}"
EndProject
Project("{FAE04EC0-301F-11D3-BF4B-00C04F79EFBC}") = "OGL.Study.Day3", "OGL.Study.Day3\OGL.Study.Day3.csproj", "{7C049D15-0998-4B81-B285-D5D315ED7589}"
EndProject
Project("{FAE04EC0-301F-11D3-BF4B-00C04F79EFBC}") = "OGL.Study.Day4", "OGL.Study.Day4\OGL.Study.Day4.csproj", "{2E18BD52-F89C-4A32-9E86-47B6EB5EC45F}"
EndProject
Project("{FAE04EC0-301F-11D3-BF4B-00C04F79EFBC}") = "OGL.Study.Day5", "OGL.Study.Day5\OGL.Study.Day5.csproj", "{10815F33-E129-4EB6-BC48-09F0DF4F5433}"
EndProject
Project("{FAE04EC0-301F-11D3-BF4B-00C04F79EFBC}") = "OGL.Study.Day6", "OGL.Study.Day6\OGL.Study.Day6.csproj", "{38093862-8BB9-4C4B-9C4E-B16EC7B99255}"
EndProject
Project("{FAE04EC0-301F-11D3-BF4B-00C04F79EFBC}") = "OGL.Study.Day7", "OGL.Study.Day7\OGL.Study.Day7.csproj", "{67726192-AB47-46CF-AAF5-BFB870386076}"
EndProject
Project("{2150E333-8FDC-42A3-9474-1A3956D46DE8}") = "Beginning", "Beginning", "{61B3A61B-7C94-410B-BE42-E0E04C16E3D6}"
EndProject
Project("{FAE04EC0-301F-11D3-BF4B-00C04F79EFBC}") = "OGL.Study.Day8", "OGL.Study.Day8\OGL.Study.Day8.csproj", "{087BA93F-7CDF-442B-A7DB-8DF5FCCEF6BE}"
EndProject
Global
	GlobalSection(SolutionConfigurationPlatforms) = preSolution
		Debug|Any CPU = Debug|Any CPU
		Release|Any CPU = Release|Any CPU
	EndGlobalSection
	GlobalSection(ProjectConfigurationPlatforms) = postSolution
		{80C04AA0-D5B8-4453-A3C1-64BAD5249088}.Debug|Any CPU.ActiveCfg = Debug|Any CPU
		{80C04AA0-D5B8-4453-A3C1-64BAD5249088}.Debug|Any CPU.Build.0 = Debug|Any CPU
		{80C04AA0-D5B8-4453-A3C1-64BAD5249088}.Release|Any CPU.ActiveCfg = Release|Any CPU
		{80C04AA0-D5B8-4453-A3C1-64BAD5249088}.Release|Any CPU.Build.0 = Release|Any CPU
		{F955DC40-3446-4FC4-9CCB-0AA217B875A7}.Debug|Any CPU.ActiveCfg = Debug|Any CPU
		{F955DC40-3446-4FC4-9CCB-0AA217B875A7}.Debug|Any CPU.Build.0 = Debug|Any CPU
		{F955DC40-3446-4FC4-9CCB-0AA217B875A7}.Release|Any CPU.ActiveCfg = Release|Any CPU
		{F955DC40-3446-4FC4-9CCB-0AA217B875A7}.Release|Any CPU.Build.0 = Release|Any CPU
		{98822729-18AB-4604-8B3A-B7B4534D7CD9}.Debug|Any CPU.ActiveCfg = Debug|Any CPU
		{98822729-18AB-4604-8B3A-B7B4534D7CD9}.Debug|Any CPU.Build.0 = Debug|Any CPU
		{98822729-18AB-4604-8B3A-B7B4534D7CD9}.Release|Any CPU.ActiveCfg = Release|Any CPU
		{98822729-18AB-4604-8B3A-B7B4534D7CD9}.Release|Any CPU.Build.0 = Release|Any CPU
		{7C049D15-0998-4B81-B285-D5D315ED7589}.Debug|Any CPU.ActiveCfg = Debug|Any CPU
		{7C049D15-0998-4B81-B285-D5D315ED7589}.Debug|Any CPU.Build.0 = Debug|Any CPU
		{7C049D15-0998-4B81-B285-D5D315ED7589}.Release|Any CPU.ActiveCfg = Release|Any CPU
		{7C049D15-0998-4B81-B285-D5D315ED7589}.Release|Any CPU.Build.0 = Release|Any CPU
		{2E18BD52-F89C-4A32-9E86-47B6EB5EC45F}.Debug|Any CPU.ActiveCfg = Debug|Any CPU
		{2E18BD52-F89C-4A32-9E86-47B6EB5EC45F}.Debug|Any CPU.Build.0 = Debug|Any CPU
		{2E18BD52-F89C-4A32-9E86-47B6EB5EC45F}.Release|Any CPU.ActiveCfg = Release|Any CPU
		{2E18BD52-F89C-4A32-9E86-47B6EB5EC45F}.Release|Any CPU.Build.0 = Release|Any CPU
		{10815F33-E129-4EB6-BC48-09F0DF4F5433}.Debug|Any CPU.ActiveCfg = Debug|Any CPU
		{10815F33-E129-4EB6-BC48-09F0DF4F5433}.Debug|Any CPU.Build.0 = Debug|Any CPU
		{10815F33-E129-4EB6-BC48-09F0DF4F5433}.Release|Any CPU.ActiveCfg = Release|Any CPU
		{10815F33-E129-4EB6-BC48-09F0DF4F5433}.Release|Any CPU.Build.0 = Release|Any CPU
		{38093862-8BB9-4C4B-9C4E-B16EC7B99255}.Debug|Any CPU.ActiveCfg = Debug|Any CPU
		{38093862-8BB9-4C4B-9C4E-B16EC7B99255}.Debug|Any CPU.Build.0 = Debug|Any CPU
		{38093862-8BB9-4C4B-9C4E-B16EC7B99255}.Release|Any CPU.ActiveCfg = Release|Any CPU
		{38093862-8BB9-4C4B-9C4E-B16EC7B99255}.Release|Any CPU.Build.0 = Release|Any CPU
		{67726192-AB47-46CF-AAF5-BFB870386076}.Debug|Any CPU.ActiveCfg = Debug|Any CPU
		{67726192-AB47-46CF-AAF5-BFB870386076}.Debug|Any CPU.Build.0 = Debug|Any CPU
		{67726192-AB47-46CF-AAF5-BFB870386076}.Release|Any CPU.ActiveCfg = Release|Any CPU
		{67726192-AB47-46CF-AAF5-BFB870386076}.Release|Any CPU.Build.0 = Release|Any CPU
		{087BA93F-7CDF-442B-A7DB-8DF5FCCEF6BE}.Debug|Any CPU.ActiveCfg = Debug|Any CPU
		{087BA93F-7CDF-442B-A7DB-8DF5FCCEF6BE}.Debug|Any CPU.Build.0 = Debug|Any CPU
		{087BA93F-7CDF-442B-A7DB-8DF5FCCEF6BE}.Release|Any CPU.ActiveCfg = Release|Any CPU
		{087BA93F-7CDF-442B-A7DB-8DF5FCCEF6BE}.Release|Any CPU.Build.0 = Release|Any CPU
	EndGlobalSection
	GlobalSection(SolutionProperties) = preSolution
		HideSolutionNode = FALSE
	EndGlobalSection
	GlobalSection(NestedProjects) = preSolution
		{80C04AA0-D5B8-4453-A3C1-64BAD5249088} = {61B3A61B-7C94-410B-BE42-E0E04C16E3D6}
		{F955DC40-3446-4FC4-9CCB-0AA217B875A7} = {61B3A61B-7C94-410B-BE42-E0E04C16E3D6}
		{98822729-18AB-4604-8B3A-B7B4534D7CD9} = {61B3A61B-7C94-410B-BE42-E0E04C16E3D6}
		{7C049D15-0998-4B81-B285-D5D315ED7589} = {61B3A61B-7C94-410B-BE42-E0E04C16E3D6}
		{2E18BD52-F89C-4A32-9E86-47B6EB5EC45F} = {61B3A61B-7C94-410B-BE42-E0E04C16E3D6}
		{10815F33-E129-4EB6-BC48-09F0DF4F5433} = {61B3A61B-7C94-410B-BE42-E0E04C16E3D6}
		{38093862-8BB9-4C4B-9C4E-B16EC7B99255} = {61B3A61B-7C94-410B-BE42-E0E04C16E3D6}
		{67726192-AB47-46CF-AAF5-BFB870386076} = {61B3A61B-7C94-410B-BE42-E0E04C16E3D6}
		{087BA93F-7CDF-442B-A7DB-8DF5FCCEF6BE} = {61B3A61B-7C94-410B-BE42-E0E04C16E3D6}
	EndGlobalSection
EndGlobal
