
Microsoft Visual Studio Solution File, Format Version 12.00
# Visual Studio 2013
VisualStudioVersion = 12.0.31101.0
MinimumVisualStudioVersion = 10.0.40219.1
Project("{FAE04EC0-301F-11D3-BF4B-00C04F79EFBC}") = "OGL.Study.Day1", "OGL.Study.Day1\OGL.Study.Day1.csproj", "{80C04AA0-D5B8-4453-A3C1-64BAD5249088}"
EndProject
Project("{FAE04EC0-301F-11D3-BF4B-00C04F79EFBC}") = "OGL.Study.Day0", "OGL.Study.Day0\OGL.Study.Day0.csproj", "{F955DC40-3446-4FC4-9CCB-0AA217B875A7}"
EndProject
Project("{FAE04EC0-301F-11D3-BF4B-00C04F79EFBC}") = "OGL.Study.Day2", "OGL.Study.Day2\OGL.Study.Day2.csproj", "{98822729-18AB-4604-8B3A-B7B4534D7CD9}"
EndProject
Global
	GlobalSection(SolutionConfigurationPlatforms) = preSolution
		Debug|Any CPU = Debug|Any CPU
		Release|Any CPU = Release|Any CPU
	EndGlobalSection
	GlobalSection(ProjectConfigurationPlatforms) = postSolution
		{80C04AA0-D5B8-4453-A3C1-64BAD5249088}.Debug|Any CPU.ActiveCfg = Debug|Any CPU
		{80C04AA0-D5B8-4453-A3C1-64BAD5249088}.Debug|Any CPU.Build.0 = Debug|Any CPU
		{80C04AA0-D5B8-4453-A3C1-64BAD5249088}.Release|Any CPU.ActiveCfg = Release|Any CPU
		{80C04AA0-D5B8-4453-A3C1-64BAD5249088}.Release|Any CPU.Build.0 = Release|Any CPU
		{F955DC40-3446-4FC4-9CCB-0AA217B875A7}.Debug|Any CPU.ActiveCfg = Debug|Any CPU
		{F955DC40-3446-4FC4-9CCB-0AA217B875A7}.Debug|Any CPU.Build.0 = Debug|Any CPU
		{F955DC40-3446-4FC4-9CCB-0AA217B875A7}.Release|Any CPU.ActiveCfg = Release|Any CPU
		{F955DC40-3446-4FC4-9CCB-0AA217B875A7}.Release|Any CPU.Build.0 = Release|Any CPU
		{98822729-18AB-4604-8B3A-B7B4534D7CD9}.Debug|Any CPU.ActiveCfg = Debug|Any CPU
		{98822729-18AB-4604-8B3A-B7B4534D7CD9}.Debug|Any CPU.Build.0 = Debug|Any CPU
		{98822729-18AB-4604-8B3A-B7B4534D7CD9}.Release|Any CPU.ActiveCfg = Release|Any CPU
		{98822729-18AB-4604-8B3A-B7B4534D7CD9}.Release|Any CPU.Build.0 = Release|Any CPU
	EndGlobalSection
	GlobalSection(SolutionProperties) = preSolution
		HideSolutionNode = FALSE
	EndGlobalSection
EndGlobal
